
Microsoft Visual Studio Solution File, Format Version 12.00
# Visual Studio Version 17
VisualStudioVersion = 17.5.002.0
MinimumVisualStudioVersion = 10.0.40219.1
Project("{9A19103F-16F7-4668-BE54-9A1E7A4F7556}") = "ListaLinkada", "ListaLinkada.csproj", "{632A140A-22A0-490B-9793-08CE9631AFEA}"
EndProject
Global
	GlobalSection(SolutionConfigurationPlatforms) = preSolution
		Debug|Any CPU = Debug|Any CPU
		Release|Any CPU = Release|Any CPU
	EndGlobalSection
	GlobalSection(ProjectConfigurationPlatforms) = postSolution
		{632A140A-22A0-490B-9793-08CE9631AFEA}.Debug|Any CPU.ActiveCfg = Debug|Any CPU
		{632A140A-22A0-490B-9793-08CE9631AFEA}.Debug|Any CPU.Build.0 = Debug|Any CPU
		{632A140A-22A0-490B-9793-08CE9631AFEA}.Release|Any CPU.ActiveCfg = Release|Any CPU
		{632A140A-22A0-490B-9793-08CE9631AFEA}.Release|Any CPU.Build.0 = Release|Any CPU
	EndGlobalSection
	GlobalSection(SolutionProperties) = preSolution
		HideSolutionNode = FALSE
	EndGlobalSection
	GlobalSection(ExtensibilityGlobals) = postSolution
		SolutionGuid = {DCD70DC2-9C28-4B93-9609-212F4A240664}
	EndGlobalSection
EndGlobal
