
Microsoft Visual Studio Solution File, Format Version 12.00
# Visual Studio Version 17
VisualStudioVersion = 17.5.002.0
MinimumVisualStudioVersion = 10.0.40219.1
Project("{9A19103F-16F7-4668-BE54-9A1E7A4F7556}") = "ListaDeLivros", "ListaDeLivros.csproj", "{0F6E7EF1-3F60-47AD-B5A1-E7B5913DDB01}"
EndProject
Global
	GlobalSection(SolutionConfigurationPlatforms) = preSolution
		Debug|Any CPU = Debug|Any CPU
		Release|Any CPU = Release|Any CPU
	EndGlobalSection
	GlobalSection(ProjectConfigurationPlatforms) = postSolution
		{0F6E7EF1-3F60-47AD-B5A1-E7B5913DDB01}.Debug|Any CPU.ActiveCfg = Debug|Any CPU
		{0F6E7EF1-3F60-47AD-B5A1-E7B5913DDB01}.Debug|Any CPU.Build.0 = Debug|Any CPU
		{0F6E7EF1-3F60-47AD-B5A1-E7B5913DDB01}.Release|Any CPU.ActiveCfg = Release|Any CPU
		{0F6E7EF1-3F60-47AD-B5A1-E7B5913DDB01}.Release|Any CPU.Build.0 = Release|Any CPU
	EndGlobalSection
	GlobalSection(SolutionProperties) = preSolution
		HideSolutionNode = FALSE
	EndGlobalSection
	GlobalSection(ExtensibilityGlobals) = postSolution
		SolutionGuid = {0CD2B4A7-0672-4296-BD76-4F418B2120C4}
	EndGlobalSection
EndGlobal
